
Microsoft Visual Studio Solution File, Format Version 12.00
# Visual Studio Version 17
VisualStudioVersion = 17.4.33015.44
MinimumVisualStudioVersion = 10.0.40219.1
Project("{9A19103F-16F7-4668-BE54-9A1E7A4F7556}") = "XRO", "XRO\XRO.csproj", "{14CDF126-6759-45BD-BC9B-F3E2C28E1B9D}"
EndProject
Project("{FAE04EC0-301F-11D3-BF4B-00C04F79EFBC}") = "XRO.Tests", "XRO.Tests\XRO.Tests.csproj", "{591A3A3B-0EB4-41C8-96A8-6EF47537D5E4}"
EndProject
Global
	GlobalSection(SolutionConfigurationPlatforms) = preSolution
		Debug|Any CPU = Debug|Any CPU
		Release|Any CPU = Release|Any CPU
	EndGlobalSection
	GlobalSection(ProjectConfigurationPlatforms) = postSolution
		{14CDF126-6759-45BD-BC9B-F3E2C28E1B9D}.Debug|Any CPU.ActiveCfg = Debug|Any CPU
		{14CDF126-6759-45BD-BC9B-F3E2C28E1B9D}.Debug|Any CPU.Build.0 = Debug|Any CPU
		{14CDF126-6759-45BD-BC9B-F3E2C28E1B9D}.Release|Any CPU.ActiveCfg = Release|Any CPU
		{14CDF126-6759-45BD-BC9B-F3E2C28E1B9D}.Release|Any CPU.Build.0 = Release|Any CPU
		{591A3A3B-0EB4-41C8-96A8-6EF47537D5E4}.Debug|Any CPU.ActiveCfg = Debug|Any CPU
		{591A3A3B-0EB4-41C8-96A8-6EF47537D5E4}.Debug|Any CPU.Build.0 = Debug|Any CPU
		{591A3A3B-0EB4-41C8-96A8-6EF47537D5E4}.Release|Any CPU.ActiveCfg = Release|Any CPU
		{591A3A3B-0EB4-41C8-96A8-6EF47537D5E4}.Release|Any CPU.Build.0 = Release|Any CPU
	EndGlobalSection
	GlobalSection(SolutionProperties) = preSolution
		HideSolutionNode = FALSE
	EndGlobalSection
	GlobalSection(ExtensibilityGlobals) = postSolution
		SolutionGuid = {B50AAC6F-8CDA-40EC-963A-60BA413F3E47}
	EndGlobalSection
EndGlobal
